// !$*UTF8*$!
{
	archiveVersion = 1;
	classes = {
	};
	objectVersion = 46;
	objects = {

/* Begin PBXBuildFile section */
		421FDA401A7AEC600011A69F /* PitchItem.swift in Sources */ = {isa = PBXBuildFile; fileRef = 421FDA3F1A7AEC600011A69F /* PitchItem.swift */; };
		421FDA421A7AEC700011A69F /* PitchItemCell.swift in Sources */ = {isa = PBXBuildFile; fileRef = 421FDA411A7AEC700011A69F /* PitchItemCell.swift */; };
		F6B358E41A7AD66E00E2CCFE /* AppDelegate.swift in Sources */ = {isa = PBXBuildFile; fileRef = F6B358E31A7AD66E00E2CCFE /* AppDelegate.swift */; };
		F6B358E61A7AD66E00E2CCFE /* ViewController.swift in Sources */ = {isa = PBXBuildFile; fileRef = F6B358E51A7AD66E00E2CCFE /* ViewController.swift */; };
		F6B358EB1A7AD66E00E2CCFE /* Images.xcassets in Resources */ = {isa = PBXBuildFile; fileRef = F6B358EA1A7AD66E00E2CCFE /* Images.xcassets */; };
		F6B358EE1A7AD66E00E2CCFE /* LaunchScreen.xib in Resources */ = {isa = PBXBuildFile; fileRef = F6B358EC1A7AD66E00E2CCFE /* LaunchScreen.xib */; };
		F6B358FA1A7AD66E00E2CCFE /* pitchforkTests.swift in Sources */ = {isa = PBXBuildFile; fileRef = F6B358F91A7AD66E00E2CCFE /* pitchforkTests.swift */; };
		F6B359051A7AD91200E2CCFE /* atc.storyboard in Resources */ = {isa = PBXBuildFile; fileRef = F6B359031A7AD91200E2CCFE /* atc.storyboard */; };
		F6B359091A7ADBFC00E2CCFE /* ViewPagerViewController.swift in Sources */ = {isa = PBXBuildFile; fileRef = F6B359081A7ADBFC00E2CCFE /* ViewPagerViewController.swift */; };
		F6B3590E1A7ADC5E00E2CCFE /* FragmentViewController.swift in Sources */ = {isa = PBXBuildFile; fileRef = F6B3590A1A7ADC5E00E2CCFE /* FragmentViewController.swift */; };
		F6B359101A7ADC5E00E2CCFE /* VideoFragmentViewController.swift in Sources */ = {isa = PBXBuildFile; fileRef = F6B3590C1A7ADC5E00E2CCFE /* VideoFragmentViewController.swift */; };
/* End PBXBuildFile section */

/* Begin PBXContainerItemProxy section */
		F6B358F41A7AD66E00E2CCFE /* PBXContainerItemProxy */ = {
			isa = PBXContainerItemProxy;
			containerPortal = F6B358D61A7AD66E00E2CCFE /* Project object */;
			proxyType = 1;
			remoteGlobalIDString = F6B358DD1A7AD66E00E2CCFE;
			remoteInfo = pitchfork;
		};
/* End PBXContainerItemProxy section */

/* Begin PBXFileReference section */
		421FDA3F1A7AEC600011A69F /* PitchItem.swift */ = {isa = PBXFileReference; fileEncoding = 4; lastKnownFileType = sourcecode.swift; path = PitchItem.swift; sourceTree = "<group>"; };
		421FDA411A7AEC700011A69F /* PitchItemCell.swift */ = {isa = PBXFileReference; fileEncoding = 4; lastKnownFileType = sourcecode.swift; path = PitchItemCell.swift; sourceTree = "<group>"; };
		F6B358DE1A7AD66E00E2CCFE /* pitchfork.app */ = {isa = PBXFileReference; explicitFileType = wrapper.application; includeInIndex = 0; path = pitchfork.app; sourceTree = BUILT_PRODUCTS_DIR; };
		F6B358E21A7AD66E00E2CCFE /* Info.plist */ = {isa = PBXFileReference; lastKnownFileType = text.plist.xml; path = Info.plist; sourceTree = "<group>"; };
		F6B358E31A7AD66E00E2CCFE /* AppDelegate.swift */ = {isa = PBXFileReference; lastKnownFileType = sourcecode.swift; path = AppDelegate.swift; sourceTree = "<group>"; };
		F6B358E51A7AD66E00E2CCFE /* ViewController.swift */ = {isa = PBXFileReference; lastKnownFileType = sourcecode.swift; path = ViewController.swift; sourceTree = "<group>"; };
		F6B358EA1A7AD66E00E2CCFE /* Images.xcassets */ = {isa = PBXFileReference; lastKnownFileType = folder.assetcatalog; path = Images.xcassets; sourceTree = "<group>"; };
		F6B358ED1A7AD66E00E2CCFE /* Base */ = {isa = PBXFileReference; lastKnownFileType = file.xib; name = Base; path = Base.lproj/LaunchScreen.xib; sourceTree = "<group>"; };
		F6B358F31A7AD66E00E2CCFE /* pitchforkTests.xctest */ = {isa = PBXFileReference; explicitFileType = wrapper.cfbundle; includeInIndex = 0; path = pitchforkTests.xctest; sourceTree = BUILT_PRODUCTS_DIR; };
		F6B358F81A7AD66E00E2CCFE /* Info.plist */ = {isa = PBXFileReference; lastKnownFileType = text.plist.xml; path = Info.plist; sourceTree = "<group>"; };
		F6B358F91A7AD66E00E2CCFE /* pitchforkTests.swift */ = {isa = PBXFileReference; lastKnownFileType = sourcecode.swift; path = pitchforkTests.swift; sourceTree = "<group>"; };
		F6B359041A7AD91200E2CCFE /* Base */ = {isa = PBXFileReference; lastKnownFileType = file.storyboard; name = Base; path = Base.lproj/atc.storyboard; sourceTree = "<group>"; };
		F6B359081A7ADBFC00E2CCFE /* ViewPagerViewController.swift */ = {isa = PBXFileReference; fileEncoding = 4; lastKnownFileType = sourcecode.swift; path = ViewPagerViewController.swift; sourceTree = "<group>"; };
		F6B3590A1A7ADC5E00E2CCFE /* FragmentViewController.swift */ = {isa = PBXFileReference; fileEncoding = 4; lastKnownFileType = sourcecode.swift; path = FragmentViewController.swift; sourceTree = "<group>"; };
		F6B3590C1A7ADC5E00E2CCFE /* VideoFragmentViewController.swift */ = {isa = PBXFileReference; fileEncoding = 4; lastKnownFileType = sourcecode.swift; path = VideoFragmentViewController.swift; sourceTree = "<group>"; };
/* End PBXFileReference section */

/* Begin PBXFrameworksBuildPhase section */
		F6B358DB1A7AD66E00E2CCFE /* Frameworks */ = {
			isa = PBXFrameworksBuildPhase;
			buildActionMask = 2147483647;
			files = (
			);
			runOnlyForDeploymentPostprocessing = 0;
		};
		F6B358F01A7AD66E00E2CCFE /* Frameworks */ = {
			isa = PBXFrameworksBuildPhase;
			buildActionMask = 2147483647;
			files = (
			);
			runOnlyForDeploymentPostprocessing = 0;
		};
/* End PBXFrameworksBuildPhase section */

/* Begin PBXGroup section */
		F6B358D51A7AD66E00E2CCFE = {
			isa = PBXGroup;
			children = (
				F6B358E01A7AD66E00E2CCFE /* pitchfork */,
				F6B358F61A7AD66E00E2CCFE /* pitchforkTests */,
				F6B358DF1A7AD66E00E2CCFE /* Products */,
			);
			sourceTree = "<group>";
		};
		F6B358DF1A7AD66E00E2CCFE /* Products */ = {
			isa = PBXGroup;
			children = (
				F6B358DE1A7AD66E00E2CCFE /* pitchfork.app */,
				F6B358F31A7AD66E00E2CCFE /* pitchforkTests.xctest */,
			);
			name = Products;
			sourceTree = "<group>";
		};
		F6B358E01A7AD66E00E2CCFE /* pitchfork */ = {
			isa = PBXGroup;
			children = (
				F6B359071A7AD94100E2CCFE /* controller */,
				F6B359061A7AD93800E2CCFE /* storyboard */,
				F6B358E31A7AD66E00E2CCFE /* AppDelegate.swift */,
				F6B358EA1A7AD66E00E2CCFE /* Images.xcassets */,
				F6B358EC1A7AD66E00E2CCFE /* LaunchScreen.xib */,
				F6B358E11A7AD66E00E2CCFE /* Supporting Files */,
			);
			path = pitchfork;
			sourceTree = "<group>";
		};
		F6B358E11A7AD66E00E2CCFE /* Supporting Files */ = {
			isa = PBXGroup;
			children = (
				F6B358E21A7AD66E00E2CCFE /* Info.plist */,
			);
			name = "Supporting Files";
			sourceTree = "<group>";
		};
		F6B358F61A7AD66E00E2CCFE /* pitchforkTests */ = {
			isa = PBXGroup;
			children = (
				F6B358F91A7AD66E00E2CCFE /* pitchforkTests.swift */,
				F6B358F71A7AD66E00E2CCFE /* Supporting Files */,
			);
			path = pitchforkTests;
			sourceTree = "<group>";
		};
		F6B358F71A7AD66E00E2CCFE /* Supporting Files */ = {
			isa = PBXGroup;
			children = (
				F6B358F81A7AD66E00E2CCFE /* Info.plist */,
			);
			name = "Supporting Files";
			sourceTree = "<group>";
		};
		F6B359061A7AD93800E2CCFE /* storyboard */ = {
			isa = PBXGroup;
			children = (
				F6B359031A7AD91200E2CCFE /* atc.storyboard */,
			);
			name = storyboard;
			sourceTree = "<group>";
		};
		F6B359071A7AD94100E2CCFE /* controller */ = {
			isa = PBXGroup;
			children = (
				F6B3590A1A7ADC5E00E2CCFE /* FragmentViewController.swift */,
				F6B3590C1A7ADC5E00E2CCFE /* VideoFragmentViewController.swift */,
				F6B359081A7ADBFC00E2CCFE /* ViewPagerViewController.swift */,
				F6B358E51A7AD66E00E2CCFE /* ViewController.swift */,
				421FDA3F1A7AEC600011A69F /* PitchItem.swift */,
				421FDA411A7AEC700011A69F /* PitchItemCell.swift */,
			);
			name = controller;
			sourceTree = "<group>";
		};
/* End PBXGroup section */

/* Begin PBXNativeTarget section */
		F6B358DD1A7AD66E00E2CCFE /* pitchfork */ = {
			isa = PBXNativeTarget;
			buildConfigurationList = F6B358FD1A7AD66E00E2CCFE /* Build configuration list for PBXNativeTarget "pitchfork" */;
			buildPhases = (
				F6B358DA1A7AD66E00E2CCFE /* Sources */,
				F6B358DB1A7AD66E00E2CCFE /* Frameworks */,
				F6B358DC1A7AD66E00E2CCFE /* Resources */,
			);
			buildRules = (
			);
			dependencies = (
			);
			name = pitchfork;
			productName = pitchfork;
			productReference = F6B358DE1A7AD66E00E2CCFE /* pitchfork.app */;
			productType = "com.apple.product-type.application";
		};
		F6B358F21A7AD66E00E2CCFE /* pitchforkTests */ = {
			isa = PBXNativeTarget;
			buildConfigurationList = F6B359001A7AD66E00E2CCFE /* Build configuration list for PBXNativeTarget "pitchforkTests" */;
			buildPhases = (
				F6B358EF1A7AD66E00E2CCFE /* Sources */,
				F6B358F01A7AD66E00E2CCFE /* Frameworks */,
				F6B358F11A7AD66E00E2CCFE /* Resources */,
			);
			buildRules = (
			);
			dependencies = (
				F6B358F51A7AD66E00E2CCFE /* PBXTargetDependency */,
			);
			name = pitchforkTests;
			productName = pitchforkTests;
			productReference = F6B358F31A7AD66E00E2CCFE /* pitchforkTests.xctest */;
			productType = "com.apple.product-type.bundle.unit-test";
		};
/* End PBXNativeTarget section */

/* Begin PBXProject section */
		F6B358D61A7AD66E00E2CCFE /* Project object */ = {
			isa = PBXProject;
			attributes = {
				LastUpgradeCheck = 0610;
				ORGANIZATIONNAME = "Jason YeeHarn Jong";
				TargetAttributes = {
					F6B358DD1A7AD66E00E2CCFE = {
						CreatedOnToolsVersion = 6.1.1;
					};
					F6B358F21A7AD66E00E2CCFE = {
						CreatedOnToolsVersion = 6.1.1;
						TestTargetID = F6B358DD1A7AD66E00E2CCFE;
					};
				};
			};
			buildConfigurationList = F6B358D91A7AD66E00E2CCFE /* Build configuration list for PBXProject "pitchfork" */;
			compatibilityVersion = "Xcode 3.2";
			developmentRegion = English;
			hasScannedForEncodings = 0;
			knownRegions = (
				en,
				Base,
			);
			mainGroup = F6B358D51A7AD66E00E2CCFE;
			productRefGroup = F6B358DF1A7AD66E00E2CCFE /* Products */;
			projectDirPath = "";
			projectRoot = "";
			targets = (
				F6B358DD1A7AD66E00E2CCFE /* pitchfork */,
				F6B358F21A7AD66E00E2CCFE /* pitchforkTests */,
			);
		};
/* End PBXProject section */

/* Begin PBXResourcesBuildPhase section */
		F6B358DC1A7AD66E00E2CCFE /* Resources */ = {
			isa = PBXResourcesBuildPhase;
			buildActionMask = 2147483647;
			files = (
				F6B359051A7AD91200E2CCFE /* atc.storyboard in Resources */,
				F6B358EE1A7AD66E00E2CCFE /* LaunchScreen.xib in Resources */,
				F6B358EB1A7AD66E00E2CCFE /* Images.xcassets in Resources */,
			);
			runOnlyForDeploymentPostprocessing = 0;
		};
		F6B358F11A7AD66E00E2CCFE /* Resources */ = {
			isa = PBXResourcesBuildPhase;
			buildActionMask = 2147483647;
			files = (
			);
			runOnlyForDeploymentPostprocessing = 0;
		};
/* End PBXResourcesBuildPhase section */

/* Begin PBXSourcesBuildPhase section */
		F6B358DA1A7AD66E00E2CCFE /* Sources */ = {
			isa = PBXSourcesBuildPhase;
			buildActionMask = 2147483647;
			files = (
				F6B359091A7ADBFC00E2CCFE /* ViewPagerViewController.swift in Sources */,
				F6B359101A7ADC5E00E2CCFE /* VideoFragmentViewController.swift in Sources */,
				F6B358E61A7AD66E00E2CCFE /* ViewController.swift in Sources */,
				F6B3590E1A7ADC5E00E2CCFE /* FragmentViewController.swift in Sources */,
				421FDA421A7AEC700011A69F /* PitchItemCell.swift in Sources */,
				421FDA401A7AEC600011A69F /* PitchItem.swift in Sources */,
				F6B358E41A7AD66E00E2CCFE /* AppDelegate.swift in Sources */,
			);
			runOnlyForDeploymentPostprocessing = 0;
		};
		F6B358EF1A7AD66E00E2CCFE /* Sources */ = {
			isa = PBXSourcesBuildPhase;
			buildActionMask = 2147483647;
			files = (
				F6B358FA1A7AD66E00E2CCFE /* pitchforkTests.swift in Sources */,
			);
			runOnlyForDeploymentPostprocessing = 0;
		};
/* End PBXSourcesBuildPhase section */

/* Begin PBXTargetDependency section */
		F6B358F51A7AD66E00E2CCFE /* PBXTargetDependency */ = {
			isa = PBXTargetDependency;
			target = F6B358DD1A7AD66E00E2CCFE /* pitchfork */;
			targetProxy = F6B358F41A7AD66E00E2CCFE /* PBXContainerItemProxy */;
		};
/* End PBXTargetDependency section */

/* Begin PBXVariantGroup section */
		F6B358EC1A7AD66E00E2CCFE /* LaunchScreen.xib */ = {
			isa = PBXVariantGroup;
			children = (
				F6B358ED1A7AD66E00E2CCFE /* Base */,
			);
			name = LaunchScreen.xib;
			sourceTree = "<group>";
		};
		F6B359031A7AD91200E2CCFE /* atc.storyboard */ = {
			isa = PBXVariantGroup;
			children = (
				F6B359041A7AD91200E2CCFE /* Base */,
			);
			name = atc.storyboard;
			sourceTree = "<group>";
		};
/* End PBXVariantGroup section */

/* Begin XCBuildConfiguration section */
		F6B358FB1A7AD66E00E2CCFE /* Debug */ = {
			isa = XCBuildConfiguration;
			buildSettings = {
				ALWAYS_SEARCH_USER_PATHS = NO;
				CLANG_CXX_LANGUAGE_STANDARD = "gnu++0x";
				CLANG_CXX_LIBRARY = "libc++";
				CLANG_ENABLE_MODULES = YES;
				CLANG_ENABLE_OBJC_ARC = YES;
				CLANG_WARN_BOOL_CONVERSION = YES;
				CLANG_WARN_CONSTANT_CONVERSION = YES;
				CLANG_WARN_DIRECT_OBJC_ISA_USAGE = YES_ERROR;
				CLANG_WARN_EMPTY_BODY = YES;
				CLANG_WARN_ENUM_CONVERSION = YES;
				CLANG_WARN_INT_CONVERSION = YES;
				CLANG_WARN_OBJC_ROOT_CLASS = YES_ERROR;
				CLANG_WARN_UNREACHABLE_CODE = YES;
				CLANG_WARN__DUPLICATE_METHOD_MATCH = YES;
				"CODE_SIGN_IDENTITY[sdk=iphoneos*]" = "iPhone Developer";
				COPY_PHASE_STRIP = NO;
				ENABLE_STRICT_OBJC_MSGSEND = YES;
				GCC_C_LANGUAGE_STANDARD = gnu99;
				GCC_DYNAMIC_NO_PIC = NO;
				GCC_OPTIMIZATION_LEVEL = 0;
				GCC_PREPROCESSOR_DEFINITIONS = (
					"DEBUG=1",
					"$(inherited)",
				);
				GCC_SYMBOLS_PRIVATE_EXTERN = NO;
				GCC_WARN_64_TO_32_BIT_CONVERSION = YES;
				GCC_WARN_ABOUT_RETURN_TYPE = YES_ERROR;
				GCC_WARN_UNDECLARED_SELECTOR = YES;
				GCC_WARN_UNINITIALIZED_AUTOS = YES_AGGRESSIVE;
				GCC_WARN_UNUSED_FUNCTION = YES;
				GCC_WARN_UNUSED_VARIABLE = YES;
				IPHONEOS_DEPLOYMENT_TARGET = 8.1;
				MTL_ENABLE_DEBUG_INFO = YES;
				ONLY_ACTIVE_ARCH = YES;
				SDKROOT = iphoneos;
				SWIFT_OPTIMIZATION_LEVEL = "-Onone";
			};
			name = Debug;
		};
		F6B358FC1A7AD66E00E2CCFE /* Release */ = {
			isa = XCBuildConfiguration;
			buildSettings = {
				ALWAYS_SEARCH_USER_PATHS = NO;
				CLANG_CXX_LANGUAGE_STANDARD = "gnu++0x";
				CLANG_CXX_LIBRARY = "libc++";
				CLANG_ENABLE_MODULES = YES;
				CLANG_ENABLE_OBJC_ARC = YES;
				CLANG_WARN_BOOL_CONVERSION = YES;
				CLANG_WARN_CONSTANT_CONVERSION = YES;
				CLANG_WARN_DIRECT_OBJC_ISA_USAGE = YES_ERROR;
				CLANG_WARN_EMPTY_BODY = YES;
				CLANG_WARN_ENUM_CONVERSION = YES;
				CLANG_WARN_INT_CONVERSION = YES;
				CLANG_WARN_OBJC_ROOT_CLASS = YES_ERROR;
				CLANG_WARN_UNREACHABLE_CODE = YES;
				CLANG_WARN__DUPLICATE_METHOD_MATCH = YES;
				"CODE_SIGN_IDENTITY[sdk=iphoneos*]" = "iPhone Developer";
				COPY_PHASE_STRIP = YES;
				ENABLE_NS_ASSERTIONS = NO;
				ENABLE_STRICT_OBJC_MSGSEND = YES;
				GCC_C_LANGUAGE_STANDARD = gnu99;
				GCC_WARN_64_TO_32_BIT_CONVERSION = YES;
				GCC_WARN_ABOUT_RETURN_TYPE = YES_ERROR;
				GCC_WARN_UNDECLARED_SELECTOR = YES;
				GCC_WARN_UNINITIALIZED_AUTOS = YES_AGGRESSIVE;
				GCC_WARN_UNUSED_FUNCTION = YES;
				GCC_WARN_UNUSED_VARIABLE = YES;
				IPHONEOS_DEPLOYMENT_TARGET = 8.1;
				MTL_ENABLE_DEBUG_INFO = NO;
				SDKROOT = iphoneos;
				VALIDATE_PRODUCT = YES;
			};
			name = Release;
		};
		F6B358FE1A7AD66E00E2CCFE /* Debug */ = {
			isa = XCBuildConfiguration;
			buildSettings = {
				ASSETCATALOG_COMPILER_APPICON_NAME = AppIcon;
				INFOPLIST_FILE = pitchfork/Info.plist;
				LD_RUNPATH_SEARCH_PATHS = "$(inherited) @executable_path/Frameworks";
				PRODUCT_NAME = "$(TARGET_NAME)";
			};
			name = Debug;
		};
		F6B358FF1A7AD66E00E2CCFE /* Release */ = {
			isa = XCBuildConfiguration;
			buildSettings = {
				ASSETCATALOG_COMPILER_APPICON_NAME = AppIcon;
				INFOPLIST_FILE = pitchfork/Info.plist;
				LD_RUNPATH_SEARCH_PATHS = "$(inherited) @executable_path/Frameworks";
				PRODUCT_NAME = "$(TARGET_NAME)";
			};
			name = Release;
		};
		F6B359011A7AD66E00E2CCFE /* Debug */ = {
			isa = XCBuildConfiguration;
			buildSettings = {
				BUNDLE_LOADER = "$(TEST_HOST)";
				FRAMEWORK_SEARCH_PATHS = (
					"$(SDKROOT)/Developer/Library/Frameworks",
					"$(inherited)",
				);
				GCC_PREPROCESSOR_DEFINITIONS = (
					"DEBUG=1",
					"$(inherited)",
				);
				INFOPLIST_FILE = pitchforkTests/Info.plist;
				LD_RUNPATH_SEARCH_PATHS = "$(inherited) @executable_path/Frameworks @loader_path/Frameworks";
				PRODUCT_NAME = "$(TARGET_NAME)";
				TEST_HOST = "$(BUILT_PRODUCTS_DIR)/pitchfork.app/pitchfork";
			};
			name = Debug;
		};
		F6B359021A7AD66E00E2CCFE /* Release */ = {
			isa = XCBuildConfiguration;
			buildSettings = {
				BUNDLE_LOADER = "$(TEST_HOST)";
				FRAMEWORK_SEARCH_PATHS = (
					"$(SDKROOT)/Developer/Library/Frameworks",
					"$(inherited)",
				);
				INFOPLIST_FILE = pitchforkTests/Info.plist;
				LD_RUNPATH_SEARCH_PATHS = "$(inherited) @executable_path/Frameworks @loader_path/Frameworks";
				PRODUCT_NAME = "$(TARGET_NAME)";
				TEST_HOST = "$(BUILT_PRODUCTS_DIR)/pitchfork.app/pitchfork";
			};
			name = Release;
		};
/* End XCBuildConfiguration section */

/* Begin XCConfigurationList section */
		F6B358D91A7AD66E00E2CCFE /* Build configuration list for PBXProject "pitchfork" */ = {
			isa = XCConfigurationList;
			buildConfigurations = (
				F6B358FB1A7AD66E00E2CCFE /* Debug */,
				F6B358FC1A7AD66E00E2CCFE /* Release */,
			);
			defaultConfigurationIsVisible = 0;
			defaultConfigurationName = Release;
		};
		F6B358FD1A7AD66E00E2CCFE /* Build configuration list for PBXNativeTarget "pitchfork" */ = {
			isa = XCConfigurationList;
			buildConfigurations = (
				F6B358FE1A7AD66E00E2CCFE /* Debug */,
				F6B358FF1A7AD66E00E2CCFE /* Release */,
			);
			defaultConfigurationIsVisible = 0;
			defaultConfigurationName = Release;
		};
		F6B359001A7AD66E00E2CCFE /* Build configuration list for PBXNativeTarget "pitchforkTests" */ = {
			isa = XCConfigurationList;
			buildConfigurations = (
				F6B359011A7AD66E00E2CCFE /* Debug */,
				F6B359021A7AD66E00E2CCFE /* Release */,
			);
			defaultConfigurationIsVisible = 0;
			defaultConfigurationName = Release;
		};
/* End XCConfigurationList section */
	};
	rootObject = F6B358D61A7AD66E00E2CCFE /* Project object */;
}
